// !$*UTF8*$!
{
	archiveVersion = 1;
	classes = {
	};
	objectVersion = 56;
	objects = {

/* Begin PBXBuildFile section */
		2A334B122AC28154005CE4A2 /* ScannerView.swift in Sources */ = {isa = PBXBuildFile; fileRef = 2A334B112AC28154005CE4A2 /* ScannerView.swift */; };
		2A334B142AC295DD005CE4A2 /* CameraView.swift in Sources */ = {isa = PBXBuildFile; fileRef = 2A334B132AC295DD005CE4A2 /* CameraView.swift */; };
		2A334B172AC29C78005CE4A2 /* Permission.swift in Sources */ = {isa = PBXBuildFile; fileRef = 2A334B162AC29C78005CE4A2 /* Permission.swift */; };
		2AA339272AC2C528009DEE39 /* QRScannerDelegate.swift in Sources */ = {isa = PBXBuildFile; fileRef = 2AA339262AC2C528009DEE39 /* QRScannerDelegate.swift */; };
		2AA339292AC3CA46009DEE39 /* RoomCode.swift in Sources */ = {isa = PBXBuildFile; fileRef = 2AA339282AC3CA46009DEE39 /* RoomCode.swift */; };
		2AA3392B2AC3D344009DEE39 /* HomeView.swift in Sources */ = {isa = PBXBuildFile; fileRef = 2AA3392A2AC3D344009DEE39 /* HomeView.swift */; };
		2AF5C87C2AC13CF800D36282 /* QR_Code_ScannerApp.swift in Sources */ = {isa = PBXBuildFile; fileRef = 2AF5C87B2AC13CF800D36282 /* QR_Code_ScannerApp.swift */; };
		2AF5C87E2AC13CF800D36282 /* ContentView.swift in Sources */ = {isa = PBXBuildFile; fileRef = 2AF5C87D2AC13CF800D36282 /* ContentView.swift */; };
		2AF5C8802AC13CF900D36282 /* Assets.xcassets in Resources */ = {isa = PBXBuildFile; fileRef = 2AF5C87F2AC13CF900D36282 /* Assets.xcassets */; };
		2AF5C8832AC13CF900D36282 /* Preview Assets.xcassets in Resources */ = {isa = PBXBuildFile; fileRef = 2AF5C8822AC13CF900D36282 /* Preview Assets.xcassets */; };
/* End PBXBuildFile section */

/* Begin PBXFileReference section */
		2A334B112AC28154005CE4A2 /* ScannerView.swift */ = {isa = PBXFileReference; lastKnownFileType = sourcecode.swift; path = ScannerView.swift; sourceTree = "<group>"; };
		2A334B132AC295DD005CE4A2 /* CameraView.swift */ = {isa = PBXFileReference; lastKnownFileType = sourcecode.swift; path = CameraView.swift; sourceTree = "<group>"; };
		2A334B162AC29C78005CE4A2 /* Permission.swift */ = {isa = PBXFileReference; lastKnownFileType = sourcecode.swift; path = Permission.swift; sourceTree = "<group>"; };
		2AA339262AC2C528009DEE39 /* QRScannerDelegate.swift */ = {isa = PBXFileReference; lastKnownFileType = sourcecode.swift; path = QRScannerDelegate.swift; sourceTree = "<group>"; };
		2AA339282AC3CA46009DEE39 /* RoomCode.swift */ = {isa = PBXFileReference; lastKnownFileType = sourcecode.swift; path = RoomCode.swift; sourceTree = "<group>"; };
		2AA3392A2AC3D344009DEE39 /* HomeView.swift */ = {isa = PBXFileReference; lastKnownFileType = sourcecode.swift; path = HomeView.swift; sourceTree = "<group>"; };
		2AF5C8782AC13CF800D36282 /* QR-Code-Scanner.app */ = {isa = PBXFileReference; explicitFileType = wrapper.application; includeInIndex = 0; path = "QR-Code-Scanner.app"; sourceTree = BUILT_PRODUCTS_DIR; };
		2AF5C87B2AC13CF800D36282 /* QR_Code_ScannerApp.swift */ = {isa = PBXFileReference; lastKnownFileType = sourcecode.swift; path = QR_Code_ScannerApp.swift; sourceTree = "<group>"; };
		2AF5C87D2AC13CF800D36282 /* ContentView.swift */ = {isa = PBXFileReference; lastKnownFileType = sourcecode.swift; path = ContentView.swift; sourceTree = "<group>"; };
		2AF5C87F2AC13CF900D36282 /* Assets.xcassets */ = {isa = PBXFileReference; lastKnownFileType = folder.assetcatalog; path = Assets.xcassets; sourceTree = "<group>"; };
		2AF5C8822AC13CF900D36282 /* Preview Assets.xcassets */ = {isa = PBXFileReference; lastKnownFileType = folder.assetcatalog; path = "Preview Assets.xcassets"; sourceTree = "<group>"; };
/* End PBXFileReference section */

/* Begin PBXFrameworksBuildPhase section */
		2AF5C8752AC13CF800D36282 /* Frameworks */ = {
			isa = PBXFrameworksBuildPhase;
			buildActionMask = 2147483647;
			files = (
			);
			runOnlyForDeploymentPostprocessing = 0;
		};
/* End PBXFrameworksBuildPhase section */

/* Begin PBXGroup section */
		2A334B102AC28146005CE4A2 /* View */ = {
			isa = PBXGroup;
			children = (
				2A334B112AC28154005CE4A2 /* ScannerView.swift */,
				2A334B132AC295DD005CE4A2 /* CameraView.swift */,
				2AA3392A2AC3D344009DEE39 /* HomeView.swift */,
			);
			path = View;
			sourceTree = "<group>";
		};
		2A334B152AC29C66005CE4A2 /* Model */ = {
			isa = PBXGroup;
			children = (
				2A334B162AC29C78005CE4A2 /* Permission.swift */,
				2AA339262AC2C528009DEE39 /* QRScannerDelegate.swift */,
				2AA339282AC3CA46009DEE39 /* RoomCode.swift */,
			);
			path = Model;
			sourceTree = "<group>";
		};
		2AF5C86F2AC13CF800D36282 = {
			isa = PBXGroup;
			children = (
				2AF5C87A2AC13CF800D36282 /* QR-Code-Scanner */,
				2AF5C8792AC13CF800D36282 /* Products */,
			);
			sourceTree = "<group>";
		};
		2AF5C8792AC13CF800D36282 /* Products */ = {
			isa = PBXGroup;
			children = (
				2AF5C8782AC13CF800D36282 /* QR-Code-Scanner.app */,
			);
			name = Products;
			sourceTree = "<group>";
		};
		2AF5C87A2AC13CF800D36282 /* QR-Code-Scanner */ = {
			isa = PBXGroup;
			children = (
				2A334B152AC29C66005CE4A2 /* Model */,
				2A334B102AC28146005CE4A2 /* View */,
				2AF5C87B2AC13CF800D36282 /* QR_Code_ScannerApp.swift */,
				2AF5C87D2AC13CF800D36282 /* ContentView.swift */,
				2AF5C87F2AC13CF900D36282 /* Assets.xcassets */,
				2AF5C8812AC13CF900D36282 /* Preview Content */,
			);
			path = "QR-Code-Scanner";
			sourceTree = "<group>";
		};
		2AF5C8812AC13CF900D36282 /* Preview Content */ = {
			isa = PBXGroup;
			children = (
				2AF5C8822AC13CF900D36282 /* Preview Assets.xcassets */,
			);
			path = "Preview Content";
			sourceTree = "<group>";
		};
/* End PBXGroup section */

/* Begin PBXNativeTarget section */
		2AF5C8772AC13CF800D36282 /* QR-Code-Scanner */ = {
			isa = PBXNativeTarget;
			buildConfigurationList = 2AF5C8862AC13CF900D36282 /* Build configuration list for PBXNativeTarget "QR-Code-Scanner" */;
			buildPhases = (
				2AF5C8742AC13CF800D36282 /* Sources */,
				2AF5C8752AC13CF800D36282 /* Frameworks */,
				2AF5C8762AC13CF800D36282 /* Resources */,
			);
			buildRules = (
			);
			dependencies = (
			);
			name = "QR-Code-Scanner";
			productName = "QR-Code-Scanner";
			productReference = 2AF5C8782AC13CF800D36282 /* QR-Code-Scanner.app */;
			productType = "com.apple.product-type.application";
		};
/* End PBXNativeTarget section */

/* Begin PBXProject section */
		2AF5C8702AC13CF800D36282 /* Project object */ = {
			isa = PBXProject;
			attributes = {
				BuildIndependentTargetsInParallel = 1;
				LastSwiftUpdateCheck = 1430;
				LastUpgradeCheck = 1430;
				TargetAttributes = {
					2AF5C8772AC13CF800D36282 = {
						CreatedOnToolsVersion = 14.3.1;
					};
				};
			};
			buildConfigurationList = 2AF5C8732AC13CF800D36282 /* Build configuration list for PBXProject "QR-Code-Scanner" */;
			compatibilityVersion = "Xcode 14.0";
			developmentRegion = en;
			hasScannedForEncodings = 0;
			knownRegions = (
				en,
				Base,
			);
			mainGroup = 2AF5C86F2AC13CF800D36282;
			productRefGroup = 2AF5C8792AC13CF800D36282 /* Products */;
			projectDirPath = "";
			projectRoot = "";
			targets = (
				2AF5C8772AC13CF800D36282 /* QR-Code-Scanner */,
			);
		};
/* End PBXProject section */

/* Begin PBXResourcesBuildPhase section */
		2AF5C8762AC13CF800D36282 /* Resources */ = {
			isa = PBXResourcesBuildPhase;
			buildActionMask = 2147483647;
			files = (
				2AF5C8832AC13CF900D36282 /* Preview Assets.xcassets in Resources */,
				2AF5C8802AC13CF900D36282 /* Assets.xcassets in Resources */,
			);
			runOnlyForDeploymentPostprocessing = 0;
		};
/* End PBXResourcesBuildPhase section */

/* Begin PBXSourcesBuildPhase section */
		2AF5C8742AC13CF800D36282 /* Sources */ = {
			isa = PBXSourcesBuildPhase;
			buildActionMask = 2147483647;
			files = (
				2A334B122AC28154005CE4A2 /* ScannerView.swift in Sources */,
				2AF5C87E2AC13CF800D36282 /* ContentView.swift in Sources */,
				2AF5C87C2AC13CF800D36282 /* QR_Code_ScannerApp.swift in Sources */,
				2A334B142AC295DD005CE4A2 /* CameraView.swift in Sources */,
				2AA339292AC3CA46009DEE39 /* RoomCode.swift in Sources */,
				2AA3392B2AC3D344009DEE39 /* HomeView.swift in Sources */,
				2AA339272AC2C528009DEE39 /* QRScannerDelegate.swift in Sources */,
				2A334B172AC29C78005CE4A2 /* Permission.swift in Sources */,
			);
			runOnlyForDeploymentPostprocessing = 0;
		};
/* End PBXSourcesBuildPhase section */

/* Begin XCBuildConfiguration section */
		2AF5C8842AC13CF900D36282 /* Debug */ = {
			isa = XCBuildConfiguration;
			buildSettings = {
				ALWAYS_SEARCH_USER_PATHS = NO;
				CLANG_ANALYZER_NONNULL = YES;
				CLANG_ANALYZER_NUMBER_OBJECT_CONVERSION = YES_AGGRESSIVE;
				CLANG_CXX_LANGUAGE_STANDARD = "gnu++20";
				CLANG_ENABLE_MODULES = YES;
				CLANG_ENABLE_OBJC_ARC = YES;
				CLANG_ENABLE_OBJC_WEAK = YES;
				CLANG_WARN_BLOCK_CAPTURE_AUTORELEASING = YES;
				CLANG_WARN_BOOL_CONVERSION = YES;
				CLANG_WARN_COMMA = YES;
				CLANG_WARN_CONSTANT_CONVERSION = YES;
				CLANG_WARN_DEPRECATED_OBJC_IMPLEMENTATIONS = YES;
				CLANG_WARN_DIRECT_OBJC_ISA_USAGE = YES_ERROR;
				CLANG_WARN_DOCUMENTATION_COMMENTS = YES;
				CLANG_WARN_EMPTY_BODY = YES;
				CLANG_WARN_ENUM_CONVERSION = YES;
				CLANG_WARN_INFINITE_RECURSION = YES;
				CLANG_WARN_INT_CONVERSION = YES;
				CLANG_WARN_NON_LITERAL_NULL_CONVERSION = YES;
				CLANG_WARN_OBJC_IMPLICIT_RETAIN_SELF = YES;
				CLANG_WARN_OBJC_LITERAL_CONVERSION = YES;
				CLANG_WARN_OBJC_ROOT_CLASS = YES_ERROR;
				CLANG_WARN_QUOTED_INCLUDE_IN_FRAMEWORK_HEADER = YES;
				CLANG_WARN_RANGE_LOOP_ANALYSIS = YES;
				CLANG_WARN_STRICT_PROTOTYPES = YES;
				CLANG_WARN_SUSPICIOUS_MOVE = YES;
				CLANG_WARN_UNGUARDED_AVAILABILITY = YES_AGGRESSIVE;
				CLANG_WARN_UNREACHABLE_CODE = YES;
				CLANG_WARN__DUPLICATE_METHOD_MATCH = YES;
				COPY_PHASE_STRIP = NO;
				DEBUG_INFORMATION_FORMAT = dwarf;
				ENABLE_STRICT_OBJC_MSGSEND = YES;
				ENABLE_TESTABILITY = YES;
				GCC_C_LANGUAGE_STANDARD = gnu11;
				GCC_DYNAMIC_NO_PIC = NO;
				GCC_NO_COMMON_BLOCKS = YES;
				GCC_OPTIMIZATION_LEVEL = 0;
				GCC_PREPROCESSOR_DEFINITIONS = (
					"DEBUG=1",
					"$(inherited)",
				);
				GCC_WARN_64_TO_32_BIT_CONVERSION = YES;
				GCC_WARN_ABOUT_RETURN_TYPE = YES_ERROR;
				GCC_WARN_UNDECLARED_SELECTOR = YES;
				GCC_WARN_UNINITIALIZED_AUTOS = YES_AGGRESSIVE;
				GCC_WARN_UNUSED_FUNCTION = YES;
				GCC_WARN_UNUSED_VARIABLE = YES;
				IPHONEOS_DEPLOYMENT_TARGET = 16.0;
				MTL_ENABLE_DEBUG_INFO = INCLUDE_SOURCE;
				MTL_FAST_MATH = YES;
				ONLY_ACTIVE_ARCH = YES;
				SDKROOT = iphoneos;
				SWIFT_ACTIVE_COMPILATION_CONDITIONS = DEBUG;
				SWIFT_OPTIMIZATION_LEVEL = "-Onone";
			};
			name = Debug;
		};
		2AF5C8852AC13CF900D36282 /* Release */ = {
			isa = XCBuildConfiguration;
			buildSettings = {
				ALWAYS_SEARCH_USER_PATHS = NO;
				CLANG_ANALYZER_NONNULL = YES;
				CLANG_ANALYZER_NUMBER_OBJECT_CONVERSION = YES_AGGRESSIVE;
				CLANG_CXX_LANGUAGE_STANDARD = "gnu++20";
				CLANG_ENABLE_MODULES = YES;
				CLANG_ENABLE_OBJC_ARC = YES;
				CLANG_ENABLE_OBJC_WEAK = YES;
				CLANG_WARN_BLOCK_CAPTURE_AUTORELEASING = YES;
				CLANG_WARN_BOOL_CONVERSION = YES;
				CLANG_WARN_COMMA = YES;
				CLANG_WARN_CONSTANT_CONVERSION = YES;
				CLANG_WARN_DEPRECATED_OBJC_IMPLEMENTATIONS = YES;
				CLANG_WARN_DIRECT_OBJC_ISA_USAGE = YES_ERROR;
				CLANG_WARN_DOCUMENTATION_COMMENTS = YES;
				CLANG_WARN_EMPTY_BODY = YES;
				CLANG_WARN_ENUM_CONVERSION = YES;
				CLANG_WARN_INFINITE_RECURSION = YES;
				CLANG_WARN_INT_CONVERSION = YES;
				CLANG_WARN_NON_LITERAL_NULL_CONVERSION = YES;
				CLANG_WARN_OBJC_IMPLICIT_RETAIN_SELF = YES;
				CLANG_WARN_OBJC_LITERAL_CONVERSION = YES;
				CLANG_WARN_OBJC_ROOT_CLASS = YES_ERROR;
				CLANG_WARN_QUOTED_INCLUDE_IN_FRAMEWORK_HEADER = YES;
				CLANG_WARN_RANGE_LOOP_ANALYSIS = YES;
				CLANG_WARN_STRICT_PROTOTYPES = YES;
				CLANG_WARN_SUSPICIOUS_MOVE = YES;
				CLANG_WARN_UNGUARDED_AVAILABILITY = YES_AGGRESSIVE;
				CLANG_WARN_UNREACHABLE_CODE = YES;
				CLANG_WARN__DUPLICATE_METHOD_MATCH = YES;
				COPY_PHASE_STRIP = NO;
				DEBUG_INFORMATION_FORMAT = "dwarf-with-dsym";
				ENABLE_NS_ASSERTIONS = NO;
				ENABLE_STRICT_OBJC_MSGSEND = YES;
				GCC_C_LANGUAGE_STANDARD = gnu11;
				GCC_NO_COMMON_BLOCKS = YES;
				GCC_WARN_64_TO_32_BIT_CONVERSION = YES;
				GCC_WARN_ABOUT_RETURN_TYPE = YES_ERROR;
				GCC_WARN_UNDECLARED_SELECTOR = YES;
				GCC_WARN_UNINITIALIZED_AUTOS = YES_AGGRESSIVE;
				GCC_WARN_UNUSED_FUNCTION = YES;
				GCC_WARN_UNUSED_VARIABLE = YES;
				IPHONEOS_DEPLOYMENT_TARGET = 16.0;
				MTL_ENABLE_DEBUG_INFO = NO;
				MTL_FAST_MATH = YES;
				SDKROOT = iphoneos;
				SWIFT_COMPILATION_MODE = wholemodule;
				SWIFT_OPTIMIZATION_LEVEL = "-O";
				VALIDATE_PRODUCT = YES;
			};
			name = Release;
		};
		2AF5C8872AC13CF900D36282 /* Debug */ = {
			isa = XCBuildConfiguration;
			buildSettings = {
				ASSETCATALOG_COMPILER_APPICON_NAME = AppIcon;
				ASSETCATALOG_COMPILER_GLOBAL_ACCENT_COLOR_NAME = AccentColor;
				CODE_SIGN_STYLE = Automatic;
				CURRENT_PROJECT_VERSION = 1;
				DEVELOPMENT_ASSET_PATHS = "\"QR-Code-Scanner/Preview Content\"";
				DEVELOPMENT_TEAM = BZ9S44ZL2V;
				ENABLE_PREVIEWS = YES;
				GENERATE_INFOPLIST_FILE = YES;
				INFOPLIST_KEY_NSCameraUsageDescription = "";
				INFOPLIST_KEY_UIApplicationSceneManifest_Generation = YES;
				INFOPLIST_KEY_UIApplicationSupportsIndirectInputEvents = YES;
				INFOPLIST_KEY_UILaunchScreen_Generation = YES;
				INFOPLIST_KEY_UISupportedInterfaceOrientations_iPad = "UIInterfaceOrientationPortrait UIInterfaceOrientationPortraitUpsideDown UIInterfaceOrientationLandscapeLeft UIInterfaceOrientationLandscapeRight";
				INFOPLIST_KEY_UISupportedInterfaceOrientations_iPhone = "UIInterfaceOrientationPortrait UIInterfaceOrientationLandscapeLeft UIInterfaceOrientationLandscapeRight";
				LD_RUNPATH_SEARCH_PATHS = (
					"$(inherited)",
					"@executable_path/Frameworks",
				);
				MARKETING_VERSION = 1.0;
				PRODUCT_BUNDLE_IDENTIFIER = "com.DekaPrimatio.QR-Code-Scanner";
				PRODUCT_NAME = "$(TARGET_NAME)";
				SWIFT_EMIT_LOC_STRINGS = YES;
				SWIFT_VERSION = 5.0;
				TARGETED_DEVICE_FAMILY = "1,2";
			};
			name = Debug;
		};
		2AF5C8882AC13CF900D36282 /* Release */ = {
			isa = XCBuildConfiguration;
			buildSettings = {
				ASSETCATALOG_COMPILER_APPICON_NAME = AppIcon;
				ASSETCATALOG_COMPILER_GLOBAL_ACCENT_COLOR_NAME = AccentColor;
				CODE_SIGN_STYLE = Automatic;
				CURRENT_PROJECT_VERSION = 1;
				DEVELOPMENT_ASSET_PATHS = "\"QR-Code-Scanner/Preview Content\"";
				DEVELOPMENT_TEAM = BZ9S44ZL2V;
				ENABLE_PREVIEWS = YES;
				GENERATE_INFOPLIST_FILE = YES;
				INFOPLIST_KEY_NSCameraUsageDescription = "";
				INFOPLIST_KEY_UIApplicationSceneManifest_Generation = YES;
				INFOPLIST_KEY_UIApplicationSupportsIndirectInputEvents = YES;
				INFOPLIST_KEY_UILaunchScreen_Generation = YES;
				INFOPLIST_KEY_UISupportedInterfaceOrientations_iPad = "UIInterfaceOrientationPortrait UIInterfaceOrientationPortraitUpsideDown UIInterfaceOrientationLandscapeLeft UIInterfaceOrientationLandscapeRight";
				INFOPLIST_KEY_UISupportedInterfaceOrientations_iPhone = "UIInterfaceOrientationPortrait UIInterfaceOrientationLandscapeLeft UIInterfaceOrientationLandscapeRight";
				LD_RUNPATH_SEARCH_PATHS = (
					"$(inherited)",
					"@executable_path/Frameworks",
				);
				MARKETING_VERSION = 1.0;
				PRODUCT_BUNDLE_IDENTIFIER = "com.DekaPrimatio.QR-Code-Scanner";
				PRODUCT_NAME = "$(TARGET_NAME)";
				SWIFT_EMIT_LOC_STRINGS = YES;
				SWIFT_VERSION = 5.0;
				TARGETED_DEVICE_FAMILY = "1,2";
			};
			name = Release;
		};
/* End XCBuildConfiguration section */

/* Begin XCConfigurationList section */
		2AF5C8732AC13CF800D36282 /* Build configuration list for PBXProject "QR-Code-Scanner" */ = {
			isa = XCConfigurationList;
			buildConfigurations = (
				2AF5C8842AC13CF900D36282 /* Debug */,
				2AF5C8852AC13CF900D36282 /* Release */,
			);
			defaultConfigurationIsVisible = 0;
			defaultConfigurationName = Release;
		};
		2AF5C8862AC13CF900D36282 /* Build configuration list for PBXNativeTarget "QR-Code-Scanner" */ = {
			isa = XCConfigurationList;
			buildConfigurations = (
				2AF5C8872AC13CF900D36282 /* Debug */,
				2AF5C8882AC13CF900D36282 /* Release */,
			);
			defaultConfigurationIsVisible = 0;
			defaultConfigurationName = Release;
		};
/* End XCConfigurationList section */
	};
	rootObject = 2AF5C8702AC13CF800D36282 /* Project object */;
}
